
Microsoft Visual Studio Solution File, Format Version 12.00
# Visual Studio Version 17
VisualStudioVersion = 17.0.32014.148
MinimumVisualStudioVersion = 10.0.40219.1
Project("{9A19103F-16F7-4668-BE54-9A1E7A4F7556}") = "Oblig2Console", "Oblig2Console\Oblig2Console.csproj", "{9F137E1B-1A75-4F83-8216-832DDE213B89}"
EndProject
Project("{9A19103F-16F7-4668-BE54-9A1E7A4F7556}") = "WpfApp1", "WpfApp1\WpfApp1.csproj", "{C9E8376A-2654-448E-86C9-3C530414527F}"
EndProject
Project("{FAE04EC0-301F-11D3-BF4B-00C04F79EFBC}") = "Library", "Library\Library.csproj", "{652074DC-C226-41AF-ADAB-2376BF93F340}"
EndProject
Global
	GlobalSection(SolutionConfigurationPlatforms) = preSolution
		Debug|Any CPU = Debug|Any CPU
		Release|Any CPU = Release|Any CPU
	EndGlobalSection
	GlobalSection(ProjectConfigurationPlatforms) = postSolution
		{9F137E1B-1A75-4F83-8216-832DDE213B89}.Debug|Any CPU.ActiveCfg = Debug|Any CPU
		{9F137E1B-1A75-4F83-8216-832DDE213B89}.Debug|Any CPU.Build.0 = Debug|Any CPU
		{9F137E1B-1A75-4F83-8216-832DDE213B89}.Release|Any CPU.ActiveCfg = Release|Any CPU
		{9F137E1B-1A75-4F83-8216-832DDE213B89}.Release|Any CPU.Build.0 = Release|Any CPU
		{C9E8376A-2654-448E-86C9-3C530414527F}.Debug|Any CPU.ActiveCfg = Debug|Any CPU
		{C9E8376A-2654-448E-86C9-3C530414527F}.Debug|Any CPU.Build.0 = Debug|Any CPU
		{C9E8376A-2654-448E-86C9-3C530414527F}.Release|Any CPU.ActiveCfg = Release|Any CPU
		{C9E8376A-2654-448E-86C9-3C530414527F}.Release|Any CPU.Build.0 = Release|Any CPU
		{652074DC-C226-41AF-ADAB-2376BF93F340}.Debug|Any CPU.ActiveCfg = Debug|Any CPU
		{652074DC-C226-41AF-ADAB-2376BF93F340}.Debug|Any CPU.Build.0 = Debug|Any CPU
		{652074DC-C226-41AF-ADAB-2376BF93F340}.Release|Any CPU.ActiveCfg = Release|Any CPU
		{652074DC-C226-41AF-ADAB-2376BF93F340}.Release|Any CPU.Build.0 = Release|Any CPU
	EndGlobalSection
	GlobalSection(SolutionProperties) = preSolution
		HideSolutionNode = FALSE
	EndGlobalSection
	GlobalSection(ExtensibilityGlobals) = postSolution
		SolutionGuid = {FA63E6EF-3FB0-48E0-BE4F-CD3533497F3D}
	EndGlobalSection
EndGlobal
